// !$*UTF8*$!
{
	archiveVersion = 1;
	classes = {
	};
	objectVersion = 56;
	objects = {

/* Begin PBXBuildFile section */
		ED3CF3B62AD297A600338309 /* CLHApp.swift in Sources */ = {isa = PBXBuildFile; fileRef = ED3CF3B52AD297A600338309 /* CLHApp.swift */; };
		ED3CF3B82AD297A600338309 /* ContentView.swift in Sources */ = {isa = PBXBuildFile; fileRef = ED3CF3B72AD297A600338309 /* ContentView.swift */; };
		ED3CF3BA2AD297A700338309 /* Assets.xcassets in Resources */ = {isa = PBXBuildFile; fileRef = ED3CF3B92AD297A700338309 /* Assets.xcassets */; };
		ED3CF3BD2AD297A700338309 /* Preview Assets.xcassets in Resources */ = {isa = PBXBuildFile; fileRef = ED3CF3BC2AD297A700338309 /* Preview Assets.xcassets */; };
		ED3CF3C72AD297A700338309 /* CLHTests.swift in Sources */ = {isa = PBXBuildFile; fileRef = ED3CF3C62AD297A700338309 /* CLHTests.swift */; };
		ED3CF3D12AD297A700338309 /* CLHUITests.swift in Sources */ = {isa = PBXBuildFile; fileRef = ED3CF3D02AD297A700338309 /* CLHUITests.swift */; };
		ED3CF3D32AD297A700338309 /* CLHUITestsLaunchTests.swift in Sources */ = {isa = PBXBuildFile; fileRef = ED3CF3D22AD297A700338309 /* CLHUITestsLaunchTests.swift */; };
		ED3CF3E02AD2C15100338309 /* GoogleService-Info.plist in Resources */ = {isa = PBXBuildFile; fileRef = ED3CF3DF2AD2C15100338309 /* GoogleService-Info.plist */; };
/* End PBXBuildFile section */

/* Begin PBXContainerItemProxy section */
		ED3CF3C32AD297A700338309 /* PBXContainerItemProxy */ = {
			isa = PBXContainerItemProxy;
			containerPortal = ED3CF3AA2AD297A600338309 /* Project object */;
			proxyType = 1;
			remoteGlobalIDString = ED3CF3B12AD297A600338309;
			remoteInfo = CLH;
		};
		ED3CF3CD2AD297A700338309 /* PBXContainerItemProxy */ = {
			isa = PBXContainerItemProxy;
			containerPortal = ED3CF3AA2AD297A600338309 /* Project object */;
			proxyType = 1;
			remoteGlobalIDString = ED3CF3B12AD297A600338309;
			remoteInfo = CLH;
		};
/* End PBXContainerItemProxy section */

/* Begin PBXFileReference section */
		ED3CF3B22AD297A600338309 /* CLH.app */ = {isa = PBXFileReference; explicitFileType = wrapper.application; includeInIndex = 0; path = CLH.app; sourceTree = BUILT_PRODUCTS_DIR; };
		ED3CF3B52AD297A600338309 /* CLHApp.swift */ = {isa = PBXFileReference; lastKnownFileType = sourcecode.swift; path = CLHApp.swift; sourceTree = "<group>"; };
		ED3CF3B72AD297A600338309 /* ContentView.swift */ = {isa = PBXFileReference; lastKnownFileType = sourcecode.swift; path = ContentView.swift; sourceTree = "<group>"; };
		ED3CF3B92AD297A700338309 /* Assets.xcassets */ = {isa = PBXFileReference; lastKnownFileType = folder.assetcatalog; path = Assets.xcassets; sourceTree = "<group>"; };
		ED3CF3BC2AD297A700338309 /* Preview Assets.xcassets */ = {isa = PBXFileReference; lastKnownFileType = folder.assetcatalog; path = "Preview Assets.xcassets"; sourceTree = "<group>"; };
		ED3CF3C22AD297A700338309 /* CLHTests.xctest */ = {isa = PBXFileReference; explicitFileType = wrapper.cfbundle; includeInIndex = 0; path = CLHTests.xctest; sourceTree = BUILT_PRODUCTS_DIR; };
		ED3CF3C62AD297A700338309 /* CLHTests.swift */ = {isa = PBXFileReference; lastKnownFileType = sourcecode.swift; path = CLHTests.swift; sourceTree = "<group>"; };
		ED3CF3CC2AD297A700338309 /* CLHUITests.xctest */ = {isa = PBXFileReference; explicitFileType = wrapper.cfbundle; includeInIndex = 0; path = CLHUITests.xctest; sourceTree = BUILT_PRODUCTS_DIR; };
		ED3CF3D02AD297A700338309 /* CLHUITests.swift */ = {isa = PBXFileReference; lastKnownFileType = sourcecode.swift; path = CLHUITests.swift; sourceTree = "<group>"; };
		ED3CF3D22AD297A700338309 /* CLHUITestsLaunchTests.swift */ = {isa = PBXFileReference; lastKnownFileType = sourcecode.swift; path = CLHUITestsLaunchTests.swift; sourceTree = "<group>"; };
		ED3CF3DF2AD2C15100338309 /* GoogleService-Info.plist */ = {isa = PBXFileReference; fileEncoding = 4; lastKnownFileType = text.plist.xml; name = "GoogleService-Info.plist"; path = "../../../../../Downloads/GoogleService-Info.plist"; sourceTree = "<group>"; };
/* End PBXFileReference section */

/* Begin PBXFrameworksBuildPhase section */
		ED3CF3AF2AD297A600338309 /* Frameworks */ = {
			isa = PBXFrameworksBuildPhase;
			buildActionMask = 2147483647;
			files = (
			);
			runOnlyForDeploymentPostprocessing = 0;
		};
		ED3CF3BF2AD297A700338309 /* Frameworks */ = {
			isa = PBXFrameworksBuildPhase;
			buildActionMask = 2147483647;
			files = (
			);
			runOnlyForDeploymentPostprocessing = 0;
		};
		ED3CF3C92AD297A700338309 /* Frameworks */ = {
			isa = PBXFrameworksBuildPhase;
			buildActionMask = 2147483647;
			files = (
			);
			runOnlyForDeploymentPostprocessing = 0;
		};
/* End PBXFrameworksBuildPhase section */

/* Begin PBXGroup section */
		ED3CF3A92AD297A600338309 = {
			isa = PBXGroup;
			children = (
				ED3CF3B42AD297A600338309 /* CLH */,
				ED3CF3C52AD297A700338309 /* CLHTests */,
				ED3CF3CF2AD297A700338309 /* CLHUITests */,
				ED3CF3B32AD297A600338309 /* Products */,
			);
			sourceTree = "<group>";
		};
		ED3CF3B32AD297A600338309 /* Products */ = {
			isa = PBXGroup;
			children = (
				ED3CF3B22AD297A600338309 /* CLH.app */,
				ED3CF3C22AD297A700338309 /* CLHTests.xctest */,
				ED3CF3CC2AD297A700338309 /* CLHUITests.xctest */,
			);
			name = Products;
			sourceTree = "<group>";
		};
		ED3CF3B42AD297A600338309 /* CLH */ = {
			isa = PBXGroup;
			children = (
				ED3CF3B52AD297A600338309 /* CLHApp.swift */,
				ED3CF3B72AD297A600338309 /* ContentView.swift */,
				ED3CF3B92AD297A700338309 /* Assets.xcassets */,
				ED3CF3DF2AD2C15100338309 /* GoogleService-Info.plist */,
				ED3CF3BB2AD297A700338309 /* Preview Content */,
			);
			path = CLH;
			sourceTree = "<group>";
		};
		ED3CF3BB2AD297A700338309 /* Preview Content */ = {
			isa = PBXGroup;
			children = (
				ED3CF3BC2AD297A700338309 /* Preview Assets.xcassets */,
			);
			path = "Preview Content";
			sourceTree = "<group>";
		};
		ED3CF3C52AD297A700338309 /* CLHTests */ = {
			isa = PBXGroup;
			children = (
				ED3CF3C62AD297A700338309 /* CLHTests.swift */,
			);
			path = CLHTests;
			sourceTree = "<group>";
		};
		ED3CF3CF2AD297A700338309 /* CLHUITests */ = {
			isa = PBXGroup;
			children = (
				ED3CF3D02AD297A700338309 /* CLHUITests.swift */,
				ED3CF3D22AD297A700338309 /* CLHUITestsLaunchTests.swift */,
			);
			path = CLHUITests;
			sourceTree = "<group>";
		};
/* End PBXGroup section */

/* Begin PBXNativeTarget section */
		ED3CF3B12AD297A600338309 /* CLH */ = {
			isa = PBXNativeTarget;
			buildConfigurationList = ED3CF3D62AD297A700338309 /* Build configuration list for PBXNativeTarget "CLH" */;
			buildPhases = (
				ED3CF3AE2AD297A600338309 /* Sources */,
				ED3CF3AF2AD297A600338309 /* Frameworks */,
				ED3CF3B02AD297A600338309 /* Resources */,
			);
			buildRules = (
			);
			dependencies = (
			);
			name = CLH;
			productName = CLH;
			productReference = ED3CF3B22AD297A600338309 /* CLH.app */;
			productType = "com.apple.product-type.application";
		};
		ED3CF3C12AD297A700338309 /* CLHTests */ = {
			isa = PBXNativeTarget;
			buildConfigurationList = ED3CF3D92AD297A700338309 /* Build configuration list for PBXNativeTarget "CLHTests" */;
			buildPhases = (
				ED3CF3BE2AD297A700338309 /* Sources */,
				ED3CF3BF2AD297A700338309 /* Frameworks */,
				ED3CF3C02AD297A700338309 /* Resources */,
			);
			buildRules = (
			);
			dependencies = (
				ED3CF3C42AD297A700338309 /* PBXTargetDependency */,
			);
			name = CLHTests;
			productName = CLHTests;
			productReference = ED3CF3C22AD297A700338309 /* CLHTests.xctest */;
			productType = "com.apple.product-type.bundle.unit-test";
		};
		ED3CF3CB2AD297A700338309 /* CLHUITests */ = {
			isa = PBXNativeTarget;
			buildConfigurationList = ED3CF3DC2AD297A700338309 /* Build configuration list for PBXNativeTarget "CLHUITests" */;
			buildPhases = (
				ED3CF3C82AD297A700338309 /* Sources */,
				ED3CF3C92AD297A700338309 /* Frameworks */,
				ED3CF3CA2AD297A700338309 /* Resources */,
			);
			buildRules = (
			);
			dependencies = (
				ED3CF3CE2AD297A700338309 /* PBXTargetDependency */,
			);
			name = CLHUITests;
			productName = CLHUITests;
			productReference = ED3CF3CC2AD297A700338309 /* CLHUITests.xctest */;
			productType = "com.apple.product-type.bundle.ui-testing";
		};
/* End PBXNativeTarget section */

/* Begin PBXProject section */
		ED3CF3AA2AD297A600338309 /* Project object */ = {
			isa = PBXProject;
			attributes = {
				BuildIndependentTargetsInParallel = 1;
				LastSwiftUpdateCheck = 1430;
				LastUpgradeCheck = 1430;
				TargetAttributes = {
					ED3CF3B12AD297A600338309 = {
						CreatedOnToolsVersion = 14.3.1;
					};
					ED3CF3C12AD297A700338309 = {
						CreatedOnToolsVersion = 14.3.1;
						TestTargetID = ED3CF3B12AD297A600338309;
					};
					ED3CF3CB2AD297A700338309 = {
						CreatedOnToolsVersion = 14.3.1;
						TestTargetID = ED3CF3B12AD297A600338309;
					};
				};
			};
			buildConfigurationList = ED3CF3AD2AD297A600338309 /* Build configuration list for PBXProject "CLH" */;
			compatibilityVersion = "Xcode 14.0";
			developmentRegion = en;
			hasScannedForEncodings = 0;
			knownRegions = (
				en,
				Base,
			);
			mainGroup = ED3CF3A92AD297A600338309;
			productRefGroup = ED3CF3B32AD297A600338309 /* Products */;
			projectDirPath = "";
			projectRoot = "";
			targets = (
				ED3CF3B12AD297A600338309 /* CLH */,
				ED3CF3C12AD297A700338309 /* CLHTests */,
				ED3CF3CB2AD297A700338309 /* CLHUITests */,
			);
		};
/* End PBXProject section */

/* Begin PBXResourcesBuildPhase section */
		ED3CF3B02AD297A600338309 /* Resources */ = {
			isa = PBXResourcesBuildPhase;
			buildActionMask = 2147483647;
			files = (
				ED3CF3BD2AD297A700338309 /* Preview Assets.xcassets in Resources */,
				ED3CF3BA2AD297A700338309 /* Assets.xcassets in Resources */,
				ED3CF3E02AD2C15100338309 /* GoogleService-Info.plist in Resources */,
			);
			runOnlyForDeploymentPostprocessing = 0;
		};
		ED3CF3C02AD297A700338309 /* Resources */ = {
			isa = PBXResourcesBuildPhase;
			buildActionMask = 2147483647;
			files = (
			);
			runOnlyForDeploymentPostprocessing = 0;
		};
		ED3CF3CA2AD297A700338309 /* Resources */ = {
			isa = PBXResourcesBuildPhase;
			buildActionMask = 2147483647;
			files = (
			);
			runOnlyForDeploymentPostprocessing = 0;
		};
/* End PBXResourcesBuildPhase section */

/* Begin PBXSourcesBuildPhase section */
		ED3CF3AE2AD297A600338309 /* Sources */ = {
			isa = PBXSourcesBuildPhase;
			buildActionMask = 2147483647;
			files = (
				ED3CF3B82AD297A600338309 /* ContentView.swift in Sources */,
				ED3CF3B62AD297A600338309 /* CLHApp.swift in Sources */,
			);
			runOnlyForDeploymentPostprocessing = 0;
		};
		ED3CF3BE2AD297A700338309 /* Sources */ = {
			isa = PBXSourcesBuildPhase;
			buildActionMask = 2147483647;
			files = (
				ED3CF3C72AD297A700338309 /* CLHTests.swift in Sources */,
			);
			runOnlyForDeploymentPostprocessing = 0;
		};
		ED3CF3C82AD297A700338309 /* Sources */ = {
			isa = PBXSourcesBuildPhase;
			buildActionMask = 2147483647;
			files = (
				ED3CF3D32AD297A700338309 /* CLHUITestsLaunchTests.swift in Sources */,
				ED3CF3D12AD297A700338309 /* CLHUITests.swift in Sources */,
			);
			runOnlyForDeploymentPostprocessing = 0;
		};
/* End PBXSourcesBuildPhase section */

/* Begin PBXTargetDependency section */
		ED3CF3C42AD297A700338309 /* PBXTargetDependency */ = {
			isa = PBXTargetDependency;
			target = ED3CF3B12AD297A600338309 /* CLH */;
			targetProxy = ED3CF3C32AD297A700338309 /* PBXContainerItemProxy */;
		};
		ED3CF3CE2AD297A700338309 /* PBXTargetDependency */ = {
			isa = PBXTargetDependency;
			target = ED3CF3B12AD297A600338309 /* CLH */;
			targetProxy = ED3CF3CD2AD297A700338309 /* PBXContainerItemProxy */;
		};
/* End PBXTargetDependency section */

/* Begin XCBuildConfiguration section */
		ED3CF3D42AD297A700338309 /* Debug */ = {
			isa = XCBuildConfiguration;
			buildSettings = {
				ALWAYS_SEARCH_USER_PATHS = NO;
				CLANG_ANALYZER_NONNULL = YES;
				CLANG_ANALYZER_NUMBER_OBJECT_CONVERSION = YES_AGGRESSIVE;
				CLANG_CXX_LANGUAGE_STANDARD = "gnu++20";
				CLANG_ENABLE_MODULES = YES;
				CLANG_ENABLE_OBJC_ARC = YES;
				CLANG_ENABLE_OBJC_WEAK = YES;
				CLANG_WARN_BLOCK_CAPTURE_AUTORELEASING = YES;
				CLANG_WARN_BOOL_CONVERSION = YES;
				CLANG_WARN_COMMA = YES;
				CLANG_WARN_CONSTANT_CONVERSION = YES;
				CLANG_WARN_DEPRECATED_OBJC_IMPLEMENTATIONS = YES;
				CLANG_WARN_DIRECT_OBJC_ISA_USAGE = YES_ERROR;
				CLANG_WARN_DOCUMENTATION_COMMENTS = YES;
				CLANG_WARN_EMPTY_BODY = YES;
				CLANG_WARN_ENUM_CONVERSION = YES;
				CLANG_WARN_INFINITE_RECURSION = YES;
				CLANG_WARN_INT_CONVERSION = YES;
				CLANG_WARN_NON_LITERAL_NULL_CONVERSION = YES;
				CLANG_WARN_OBJC_IMPLICIT_RETAIN_SELF = YES;
				CLANG_WARN_OBJC_LITERAL_CONVERSION = YES;
				CLANG_WARN_OBJC_ROOT_CLASS = YES_ERROR;
				CLANG_WARN_QUOTED_INCLUDE_IN_FRAMEWORK_HEADER = YES;
				CLANG_WARN_RANGE_LOOP_ANALYSIS = YES;
				CLANG_WARN_STRICT_PROTOTYPES = YES;
				CLANG_WARN_SUSPICIOUS_MOVE = YES;
				CLANG_WARN_UNGUARDED_AVAILABILITY = YES_AGGRESSIVE;
				CLANG_WARN_UNREACHABLE_CODE = YES;
				CLANG_WARN__DUPLICATE_METHOD_MATCH = YES;
				COPY_PHASE_STRIP = NO;
				DEBUG_INFORMATION_FORMAT = dwarf;
				ENABLE_STRICT_OBJC_MSGSEND = YES;
				ENABLE_TESTABILITY = YES;
				GCC_C_LANGUAGE_STANDARD = gnu11;
				GCC_DYNAMIC_NO_PIC = NO;
				GCC_NO_COMMON_BLOCKS = YES;
				GCC_OPTIMIZATION_LEVEL = 0;
				GCC_PREPROCESSOR_DEFINITIONS = (
					"DEBUG=1",
					"$(inherited)",
				);
				GCC_WARN_64_TO_32_BIT_CONVERSION = YES;
				GCC_WARN_ABOUT_RETURN_TYPE = YES_ERROR;
				GCC_WARN_UNDECLARED_SELECTOR = YES;
				GCC_WARN_UNINITIALIZED_AUTOS = YES_AGGRESSIVE;
				GCC_WARN_UNUSED_FUNCTION = YES;
				GCC_WARN_UNUSED_VARIABLE = YES;
				IPHONEOS_DEPLOYMENT_TARGET = 16.4;
				MTL_ENABLE_DEBUG_INFO = INCLUDE_SOURCE;
				MTL_FAST_MATH = YES;
				ONLY_ACTIVE_ARCH = YES;
				SDKROOT = iphoneos;
				SWIFT_ACTIVE_COMPILATION_CONDITIONS = DEBUG;
				SWIFT_OPTIMIZATION_LEVEL = "-Onone";
			};
			name = Debug;
		};
		ED3CF3D52AD297A700338309 /* Release */ = {
			isa = XCBuildConfiguration;
			buildSettings = {
				ALWAYS_SEARCH_USER_PATHS = NO;
				CLANG_ANALYZER_NONNULL = YES;
				CLANG_ANALYZER_NUMBER_OBJECT_CONVERSION = YES_AGGRESSIVE;
				CLANG_CXX_LANGUAGE_STANDARD = "gnu++20";
				CLANG_ENABLE_MODULES = YES;
				CLANG_ENABLE_OBJC_ARC = YES;
				CLANG_ENABLE_OBJC_WEAK = YES;
				CLANG_WARN_BLOCK_CAPTURE_AUTORELEASING = YES;
				CLANG_WARN_BOOL_CONVERSION = YES;
				CLANG_WARN_COMMA = YES;
				CLANG_WARN_CONSTANT_CONVERSION = YES;
				CLANG_WARN_DEPRECATED_OBJC_IMPLEMENTATIONS = YES;
				CLANG_WARN_DIRECT_OBJC_ISA_USAGE = YES_ERROR;
				CLANG_WARN_DOCUMENTATION_COMMENTS = YES;
				CLANG_WARN_EMPTY_BODY = YES;
				CLANG_WARN_ENUM_CONVERSION = YES;
				CLANG_WARN_INFINITE_RECURSION = YES;
				CLANG_WARN_INT_CONVERSION = YES;
				CLANG_WARN_NON_LITERAL_NULL_CONVERSION = YES;
				CLANG_WARN_OBJC_IMPLICIT_RETAIN_SELF = YES;
				CLANG_WARN_OBJC_LITERAL_CONVERSION = YES;
				CLANG_WARN_OBJC_ROOT_CLASS = YES_ERROR;
				CLANG_WARN_QUOTED_INCLUDE_IN_FRAMEWORK_HEADER = YES;
				CLANG_WARN_RANGE_LOOP_ANALYSIS = YES;
				CLANG_WARN_STRICT_PROTOTYPES = YES;
				CLANG_WARN_SUSPICIOUS_MOVE = YES;
				CLANG_WARN_UNGUARDED_AVAILABILITY = YES_AGGRESSIVE;
				CLANG_WARN_UNREACHABLE_CODE = YES;
				CLANG_WARN__DUPLICATE_METHOD_MATCH = YES;
				COPY_PHASE_STRIP = NO;
				DEBUG_INFORMATION_FORMAT = "dwarf-with-dsym";
				ENABLE_NS_ASSERTIONS = NO;
				ENABLE_STRICT_OBJC_MSGSEND = YES;
				GCC_C_LANGUAGE_STANDARD = gnu11;
				GCC_NO_COMMON_BLOCKS = YES;
				GCC_WARN_64_TO_32_BIT_CONVERSION = YES;
				GCC_WARN_ABOUT_RETURN_TYPE = YES_ERROR;
				GCC_WARN_UNDECLARED_SELECTOR = YES;
				GCC_WARN_UNINITIALIZED_AUTOS = YES_AGGRESSIVE;
				GCC_WARN_UNUSED_FUNCTION = YES;
				GCC_WARN_UNUSED_VARIABLE = YES;
				IPHONEOS_DEPLOYMENT_TARGET = 16.4;
				MTL_ENABLE_DEBUG_INFO = NO;
				MTL_FAST_MATH = YES;
				SDKROOT = iphoneos;
				SWIFT_COMPILATION_MODE = wholemodule;
				SWIFT_OPTIMIZATION_LEVEL = "-O";
				VALIDATE_PRODUCT = YES;
			};
			name = Release;
		};
		ED3CF3D72AD297A700338309 /* Debug */ = {
			isa = XCBuildConfiguration;
			buildSettings = {
				ASSETCATALOG_COMPILER_APPICON_NAME = AppIcon;
				ASSETCATALOG_COMPILER_GLOBAL_ACCENT_COLOR_NAME = AccentColor;
				CODE_SIGN_STYLE = Automatic;
				CURRENT_PROJECT_VERSION = 1;
				DEVELOPMENT_ASSET_PATHS = "\"CLH/Preview Content\"";
				DEVELOPMENT_TEAM = R259XUPPDS;
				ENABLE_PREVIEWS = YES;
				GENERATE_INFOPLIST_FILE = YES;
				INFOPLIST_KEY_UIApplicationSceneManifest_Generation = YES;
				INFOPLIST_KEY_UIApplicationSupportsIndirectInputEvents = YES;
				INFOPLIST_KEY_UILaunchScreen_Generation = YES;
				INFOPLIST_KEY_UISupportedInterfaceOrientations_iPad = "UIInterfaceOrientationPortrait UIInterfaceOrientationPortraitUpsideDown UIInterfaceOrientationLandscapeLeft UIInterfaceOrientationLandscapeRight";
				INFOPLIST_KEY_UISupportedInterfaceOrientations_iPhone = "UIInterfaceOrientationPortrait UIInterfaceOrientationLandscapeLeft UIInterfaceOrientationLandscapeRight";
				LD_RUNPATH_SEARCH_PATHS = (
					"$(inherited)",
					"@executable_path/Frameworks",
				);
				MARKETING_VERSION = 1.0;
				PRODUCT_BUNDLE_IDENTIFIER = CambridgeLongevityHub.CLH;
				PRODUCT_NAME = "$(TARGET_NAME)";
				SWIFT_EMIT_LOC_STRINGS = YES;
				SWIFT_VERSION = 5.0;
				TARGETED_DEVICE_FAMILY = "1,2";
			};
			name = Debug;
		};
		ED3CF3D82AD297A700338309 /* Release */ = {
			isa = XCBuildConfiguration;
			buildSettings = {
				ASSETCATALOG_COMPILER_APPICON_NAME = AppIcon;
				ASSETCATALOG_COMPILER_GLOBAL_ACCENT_COLOR_NAME = AccentColor;
				CODE_SIGN_STYLE = Automatic;
				CURRENT_PROJECT_VERSION = 1;
				DEVELOPMENT_ASSET_PATHS = "\"CLH/Preview Content\"";
				DEVELOPMENT_TEAM = R259XUPPDS;
				ENABLE_PREVIEWS = YES;
				GENERATE_INFOPLIST_FILE = YES;
				INFOPLIST_KEY_UIApplicationSceneManifest_Generation = YES;
				INFOPLIST_KEY_UIApplicationSupportsIndirectInputEvents = YES;
				INFOPLIST_KEY_UILaunchScreen_Generation = YES;
				INFOPLIST_KEY_UISupportedInterfaceOrientations_iPad = "UIInterfaceOrientationPortrait UIInterfaceOrientationPortraitUpsideDown UIInterfaceOrientationLandscapeLeft UIInterfaceOrientationLandscapeRight";
				INFOPLIST_KEY_UISupportedInterfaceOrientations_iPhone = "UIInterfaceOrientationPortrait UIInterfaceOrientationLandscapeLeft UIInterfaceOrientationLandscapeRight";
				LD_RUNPATH_SEARCH_PATHS = (
					"$(inherited)",
					"@executable_path/Frameworks",
				);
				MARKETING_VERSION = 1.0;
				PRODUCT_BUNDLE_IDENTIFIER = CambridgeLongevityHub.CLH;
				PRODUCT_NAME = "$(TARGET_NAME)";
				SWIFT_EMIT_LOC_STRINGS = YES;
				SWIFT_VERSION = 5.0;
				TARGETED_DEVICE_FAMILY = "1,2";
			};
			name = Release;
		};
		ED3CF3DA2AD297A700338309 /* Debug */ = {
			isa = XCBuildConfiguration;
			buildSettings = {
				ALWAYS_EMBED_SWIFT_STANDARD_LIBRARIES = YES;
				BUNDLE_LOADER = "$(TEST_HOST)";
				CODE_SIGN_STYLE = Automatic;
				CURRENT_PROJECT_VERSION = 1;
				DEVELOPMENT_TEAM = R259XUPPDS;
				GENERATE_INFOPLIST_FILE = YES;
				IPHONEOS_DEPLOYMENT_TARGET = 16.4;
				MARKETING_VERSION = 1.0;
				PRODUCT_BUNDLE_IDENTIFIER = CambridgeLongevityHub.CLHTests;
				PRODUCT_NAME = "$(TARGET_NAME)";
				SWIFT_EMIT_LOC_STRINGS = NO;
				SWIFT_VERSION = 5.0;
				TARGETED_DEVICE_FAMILY = "1,2";
				TEST_HOST = "$(BUILT_PRODUCTS_DIR)/CLH.app/$(BUNDLE_EXECUTABLE_FOLDER_PATH)/CLH";
			};
			name = Debug;
		};
		ED3CF3DB2AD297A700338309 /* Release */ = {
			isa = XCBuildConfiguration;
			buildSettings = {
				ALWAYS_EMBED_SWIFT_STANDARD_LIBRARIES = YES;
				BUNDLE_LOADER = "$(TEST_HOST)";
				CODE_SIGN_STYLE = Automatic;
				CURRENT_PROJECT_VERSION = 1;
				DEVELOPMENT_TEAM = R259XUPPDS;
				GENERATE_INFOPLIST_FILE = YES;
				IPHONEOS_DEPLOYMENT_TARGET = 16.4;
				MARKETING_VERSION = 1.0;
				PRODUCT_BUNDLE_IDENTIFIER = CambridgeLongevityHub.CLHTests;
				PRODUCT_NAME = "$(TARGET_NAME)";
				SWIFT_EMIT_LOC_STRINGS = NO;
				SWIFT_VERSION = 5.0;
				TARGETED_DEVICE_FAMILY = "1,2";
				TEST_HOST = "$(BUILT_PRODUCTS_DIR)/CLH.app/$(BUNDLE_EXECUTABLE_FOLDER_PATH)/CLH";
			};
			name = Release;
		};
		ED3CF3DD2AD297A700338309 /* Debug */ = {
			isa = XCBuildConfiguration;
			buildSettings = {
				ALWAYS_EMBED_SWIFT_STANDARD_LIBRARIES = YES;
				CODE_SIGN_STYLE = Automatic;
				CURRENT_PROJECT_VERSION = 1;
				DEVELOPMENT_TEAM = R259XUPPDS;
				GENERATE_INFOPLIST_FILE = YES;
				MARKETING_VERSION = 1.0;
				PRODUCT_BUNDLE_IDENTIFIER = CambridgeLongevityHub.CLHUITests;
				PRODUCT_NAME = "$(TARGET_NAME)";
				SWIFT_EMIT_LOC_STRINGS = NO;
				SWIFT_VERSION = 5.0;
				TARGETED_DEVICE_FAMILY = "1,2";
				TEST_TARGET_NAME = CLH;
			};
			name = Debug;
		};
		ED3CF3DE2AD297A700338309 /* Release */ = {
			isa = XCBuildConfiguration;
			buildSettings = {
				ALWAYS_EMBED_SWIFT_STANDARD_LIBRARIES = YES;
				CODE_SIGN_STYLE = Automatic;
				CURRENT_PROJECT_VERSION = 1;
				DEVELOPMENT_TEAM = R259XUPPDS;
				GENERATE_INFOPLIST_FILE = YES;
				MARKETING_VERSION = 1.0;
				PRODUCT_BUNDLE_IDENTIFIER = CambridgeLongevityHub.CLHUITests;
				PRODUCT_NAME = "$(TARGET_NAME)";
				SWIFT_EMIT_LOC_STRINGS = NO;
				SWIFT_VERSION = 5.0;
				TARGETED_DEVICE_FAMILY = "1,2";
				TEST_TARGET_NAME = CLH;
			};
			name = Release;
		};
/* End XCBuildConfiguration section */

/* Begin XCConfigurationList section */
		ED3CF3AD2AD297A600338309 /* Build configuration list for PBXProject "CLH" */ = {
			isa = XCConfigurationList;
			buildConfigurations = (
				ED3CF3D42AD297A700338309 /* Debug */,
				ED3CF3D52AD297A700338309 /* Release */,
			);
			defaultConfigurationIsVisible = 0;
			defaultConfigurationName = Release;
		};
		ED3CF3D62AD297A700338309 /* Build configuration list for PBXNativeTarget "CLH" */ = {
			isa = XCConfigurationList;
			buildConfigurations = (
				ED3CF3D72AD297A700338309 /* Debug */,
				ED3CF3D82AD297A700338309 /* Release */,
			);
			defaultConfigurationIsVisible = 0;
			defaultConfigurationName = Release;
		};
		ED3CF3D92AD297A700338309 /* Build configuration list for PBXNativeTarget "CLHTests" */ = {
			isa = XCConfigurationList;
			buildConfigurations = (
				ED3CF3DA2AD297A700338309 /* Debug */,
				ED3CF3DB2AD297A700338309 /* Release */,
			);
			defaultConfigurationIsVisible = 0;
			defaultConfigurationName = Release;
		};
		ED3CF3DC2AD297A700338309 /* Build configuration list for PBXNativeTarget "CLHUITests" */ = {
			isa = XCConfigurationList;
			buildConfigurations = (
				ED3CF3DD2AD297A700338309 /* Debug */,
				ED3CF3DE2AD297A700338309 /* Release */,
			);
			defaultConfigurationIsVisible = 0;
			defaultConfigurationName = Release;
		};
/* End XCConfigurationList section */
	};
	rootObject = ED3CF3AA2AD297A600338309 /* Project object */;
}
